Microsoft Visual Studio Solution File, Format Version 12.00
# Visual Studio Version 18
VisualStudioVersion = 18.9.12120.119
MinimumVisualStudioVersion = 10.0.40219.1
Project("{9A19103F-16F7-4668-BE54-9A1E7A4F7556}") = "Erza", "Erza\Erza.csproj", "{FB05786A-9BF6-4909-97DA-03529030812B}"
EndProject
Project("{9A19103F-16F7-4668-BE54-9A1E7A4F7556}") = "Shina", "Shina\Shina.csproj", "{1DAA7001-BA72-4B99-968C-21CBEE174CA6}"
EndProject
Project("{9A19103F-16F7-4668-BE54-9A1E7A4F7556}") = "Euphemia", "Euphemia\Euphemia.csproj", "{3063084B-0995-4295-B269-41C01BCCEB06}"
EndProject
Project("{9A19103F-16F7-4668-BE54-9A1E7A4F7556}") = "Rena", "Rena\Rena.csproj", "{BFAA8DDB-12D8-41FB-863D-96EB011E96C3}"
EndProject
Project("{9A19103F-16F7-4668-BE54-9A1E7A4F7556}") = "GetGelbooru", "GetGelbooru\GetGelbooru.csproj", "{1F4B9B3D-01A5-4032-B54B-05FA6007C68C}"
EndProject
Project("{9A19103F-16F7-4668-BE54-9A1E7A4F7556}") = "Maki", "Maki\Maki.csproj", "{41F1C95A-A266-4DB9-ABB3-417F56DBBAED}"
EndProject
Project("{9A19103F-16F7-4668-BE54-9A1E7A4F7556}") = "Eris", "Eris\Eris.csproj", "{4B43BCBA-6831-463D-B59A-A06F4408E664}"
EndProject
Project("{9A19103F-16F7-4668-BE54-9A1E7A4F7556}") = "Sagiri", "Sagiri\Sagiri.csproj", "{D19259EF-8DBA-486F-8AD1-61DE6F3FFD08}"
EndProject
Project("{9A19103F-16F7-4668-BE54-9A1E7A4F7556}") = "Ange", "Ange2\Ange.csproj", "{4BF361E1-CAA7-45AF-AB1F-E13061DFA2A7}"
EndProject
Project("{9A19103F-16F7-4668-BE54-9A1E7A4F7556}") = "Grete", "Grete\Grete.csproj", "{FEAAE50F-D88B-4C97-B230-36CB618C15F6}"
EndProject
Project("{9A19103F-16F7-4668-BE54-9A1E7A4F7556}") = "Lora", "Lora\Lora.csproj", "{E660F11D-6B66-4024-9483-E556F716D49C}"
EndProject
Project("{2150E333-8FDC-42A3-9474-1A3956D46DE8}") = "Solution Items", "Solution Items", "{BA7D8A6D-2EB2-4597-80D4-BB6CFB99E1C3}"
	ProjectSection(SolutionItems) = preProject
		.editorconfig = .editorconfig
	EndProjectSection
EndProject
Project("{FAE04EC0-301F-11D3-BF4B-00C04F79EFBC}") = "ErzaLib2", "ErzaLib2\ErzaLib2.csproj", "{03D15FB4-ED2D-4F7D-8181-7A3D714D15C3}"
EndProject
Project("{FAE04EC0-301F-11D3-BF4B-00C04F79EFBC}") = "Lucina", "Lucina2\Lucina.csproj", "{E9B00246-5894-CC9D-018D-0C8702A4EC35}"
EndProject
Project("{9A19103F-16F7-4668-BE54-9A1E7A4F7556}") = "Azusa", "Azusa\Azusa.csproj", "{016836A4-A208-49E2-9756-95EAE58F9622}"
EndProject
Project("{FAE04EC0-301F-11D3-BF4B-00C04F79EFBC}") = "Rias", "Rias\Rias.csproj", "{88578083-A53C-4166-9ADD-F0BF660FE058}"
EndProject
Project("{FAE04EC0-301F-11D3-BF4B-00C04F79EFBC}") = "Marin", "Marin\Marin.csproj", "{E9FDEE62-4F8C-4B8A-9FFC-8279745773A8}"
EndProject
Global
	GlobalSection(SolutionConfigurationPlatforms) = preSolution
		Debug|Any CPU = Debug|Any CPU
		Debug|Mixed Platforms = Debug|Mixed Platforms
		Debug|x64 = Debug|x64
		Debug|x86 = Debug|x86
		Release|Any CPU = Release|Any CPU
		Release|Mixed Platforms = Release|Mixed Platforms
		Release|x64 = Release|x64
		Release|x86 = Release|x86
	EndGlobalSection
	GlobalSection(ProjectConfigurationPlatforms) = postSolution
		{FB05786A-9BF6-4909-97DA-03529030812B}.Debug|Any CPU.ActiveCfg = Debug|Any CPU
		{FB05786A-9BF6-4909-97DA-03529030812B}.Debug|Any CPU.Build.0 = Debug|Any CPU
		{FB05786A-9BF6-4909-97DA-03529030812B}.Debug|Mixed Platforms.ActiveCfg = Debug|Any CPU
		{FB05786A-9BF6-4909-97DA-03529030812B}.Debug|Mixed Platforms.Build.0 = Debug|Any CPU
		{FB05786A-9BF6-4909-97DA-03529030812B}.Debug|x64.ActiveCfg = Debug|x64
		{FB05786A-9BF6-4909-97DA-03529030812B}.Debug|x64.Build.0 = Debug|x64
		{FB05786A-9BF6-4909-97DA-03529030812B}.Debug|x86.ActiveCfg = Debug|x86
		{FB05786A-9BF6-4909-97DA-03529030812B}.Debug|x86.Build.0 = Debug|x86
		{FB05786A-9BF6-4909-97DA-03529030812B}.Release|Any CPU.ActiveCfg = Release|Any CPU
		{FB05786A-9BF6-4909-97DA-03529030812B}.Release|Any CPU.Build.0 = Release|Any CPU
		{FB05786A-9BF6-4909-97DA-03529030812B}.Release|Mixed Platforms.ActiveCfg = Release|Any CPU
		{FB05786A-9BF6-4909-97DA-03529030812B}.Release|Mixed Platforms.Build.0 = Release|Any CPU
		{FB05786A-9BF6-4909-97DA-03529030812B}.Release|x64.ActiveCfg = Release|x64
		{FB05786A-9BF6-4909-97DA-03529030812B}.Release|x64.Build.0 = Release|x64
		{FB05786A-9BF6-4909-97DA-03529030812B}.Release|x86.ActiveCfg = Release|x86
		{FB05786A-9BF6-4909-97DA-03529030812B}.Release|x86.Build.0 = Release|x86
		{1DAA7001-BA72-4B99-968C-21CBEE174CA6}.Debug|Any CPU.ActiveCfg = Debug|Any CPU
		{1DAA7001-BA72-4B99-968C-21CBEE174CA6}.Debug|Any CPU.Build.0 = Debug|Any CPU
		{1DAA7001-BA72-4B99-968C-21CBEE174CA6}.Debug|Mixed Platforms.ActiveCfg = Debug|Any CPU
		{1DAA7001-BA72-4B99-968C-21CBEE174CA6}.Debug|Mixed Platforms.Build.0 = Debug|Any CPU
		{1DAA7001-BA72-4B99-968C-21CBEE174CA6}.Debug|x64.ActiveCfg = Debug|x64
		{1DAA7001-BA72-4B99-968C-21CBEE174CA6}.Debug|x64.Build.0 = Debug|x64
		{1DAA7001-BA72-4B99-968C-21CBEE174CA6}.Debug|x86.ActiveCfg = Debug|Any CPU
		{1DAA7001-BA72-4B99-968C-21CBEE174CA6}.Release|Any CPU.ActiveCfg = Release|Any CPU
		{1DAA7001-BA72-4B99-968C-21CBEE174CA6}.Release|Any CPU.Build.0 = Release|Any CPU
		{1DAA7001-BA72-4B99-968C-21CBEE174CA6}.Release|Mixed Platforms.ActiveCfg = Release|Any CPU
		{1DAA7001-BA72-4B99-968C-21CBEE174CA6}.Release|Mixed Platforms.Build.0 = Release|Any CPU
		{1DAA7001-BA72-4B99-968C-21CBEE174CA6}.Release|x64.ActiveCfg = Release|x64
		{1DAA7001-BA72-4B99-968C-21CBEE174CA6}.Release|x64.Build.0 = Release|x64
		{1DAA7001-BA72-4B99-968C-21CBEE174CA6}.Release|x86.ActiveCfg = Release|Any CPU
		{3063084B-0995-4295-B269-41C01BCCEB06}.Debug|Any CPU.ActiveCfg = Debug|Any CPU
		{3063084B-0995-4295-B269-41C01BCCEB06}.Debug|Any CPU.Build.0 = Debug|Any CPU
		{3063084B-0995-4295-B269-41C01BCCEB06}.Debug|Mixed Platforms.ActiveCfg = Debug|Any CPU
		{3063084B-0995-4295-B269-41C01BCCEB06}.Debug|Mixed Platforms.Build.0 = Debug|Any CPU
		{3063084B-0995-4295-B269-41C01BCCEB06}.Debug|x64.ActiveCfg = Debug|x64
		{3063084B-0995-4295-B269-41C01BCCEB06}.Debug|x64.Build.0 = Debug|x64
		{3063084B-0995-4295-B269-41C01BCCEB06}.Debug|x86.ActiveCfg = Debug|Any CPU
		{3063084B-0995-4295-B269-41C01BCCEB06}.Release|Any CPU.ActiveCfg = Release|Any CPU
		{3063084B-0995-4295-B269-41C01BCCEB06}.Release|Any CPU.Build.0 = Release|Any CPU
		{3063084B-0995-4295-B269-41C01BCCEB06}.Release|Mixed Platforms.ActiveCfg = Release|Any CPU
		{3063084B-0995-4295-B269-41C01BCCEB06}.Release|Mixed Platforms.Build.0 = Release|Any CPU
		{3063084B-0995-4295-B269-41C01BCCEB06}.Release|x64.ActiveCfg = Release|x64
		{3063084B-0995-4295-B269-41C01BCCEB06}.Release|x64.Build.0 = Release|x64
		{3063084B-0995-4295-B269-41C01BCCEB06}.Release|x86.ActiveCfg = Release|Any CPU
		{BFAA8DDB-12D8-41FB-863D-96EB011E96C3}.Debug|Any CPU.ActiveCfg = Debug|Any CPU
		{BFAA8DDB-12D8-41FB-863D-96EB011E96C3}.Debug|Any CPU.Build.0 = Debug|Any CPU
		{BFAA8DDB-12D8-41FB-863D-96EB011E96C3}.Debug|Mixed Platforms.ActiveCfg = Debug|Any CPU
		{BFAA8DDB-12D8-41FB-863D-96EB011E96C3}.Debug|Mixed Platforms.Build.0 = Debug|Any CPU
		{BFAA8DDB-12D8-41FB-863D-96EB011E96C3}.Debug|x64.ActiveCfg = Debug|x64
		{BFAA8DDB-12D8-41FB-863D-96EB011E96C3}.Debug|x64.Build.0 = Debug|x64
		{BFAA8DDB-12D8-41FB-863D-96EB011E96C3}.Debug|x86.ActiveCfg = Debug|Any CPU
		{BFAA8DDB-12D8-41FB-863D-96EB011E96C3}.Release|Any CPU.ActiveCfg = Release|Any CPU
		{BFAA8DDB-12D8-41FB-863D-96EB011E96C3}.Release|Any CPU.Build.0 = Release|Any CPU
		{BFAA8DDB-12D8-41FB-863D-96EB011E96C3}.Release|Mixed Platforms.ActiveCfg = Release|Any CPU
		{BFAA8DDB-12D8-41FB-863D-96EB011E96C3}.Release|Mixed Platforms.Build.0 = Release|Any CPU
		{BFAA8DDB-12D8-41FB-863D-96EB011E96C3}.Release|x64.ActiveCfg = Release|x64
		{BFAA8DDB-12D8-41FB-863D-96EB011E96C3}.Release|x64.Build.0 = Release|x64
		{BFAA8DDB-12D8-41FB-863D-96EB011E96C3}.Release|x86.ActiveCfg = Release|Any CPU
		{1F4B9B3D-01A5-4032-B54B-05FA6007C68C}.Debug|Any CPU.ActiveCfg = Debug|Any CPU
		{1F4B9B3D-01A5-4032-B54B-05FA6007C68C}.Debug|Any CPU.Build.0 = Debug|Any CPU
		{1F4B9B3D-01A5-4032-B54B-05FA6007C68C}.Debug|Mixed Platforms.ActiveCfg = Debug|Any CPU
		{1F4B9B3D-01A5-4032-B54B-05FA6007C68C}.Debug|Mixed Platforms.Build.0 = Debug|Any CPU
		{1F4B9B3D-01A5-4032-B54B-05FA6007C68C}.Debug|x64.ActiveCfg = Debug|x64
		{1F4B9B3D-01A5-4032-B54B-05FA6007C68C}.Debug|x64.Build.0 = Debug|x64
		{1F4B9B3D-01A5-4032-B54B-05FA6007C68C}.Debug|x86.ActiveCfg = Debug|Any CPU
		{1F4B9B3D-01A5-4032-B54B-05FA6007C68C}.Debug|x86.Build.0 = Debug|Any CPU
		{1F4B9B3D-01A5-4032-B54B-05FA6007C68C}.Release|Any CPU.ActiveCfg = Release|Any CPU
		{1F4B9B3D-01A5-4032-B54B-05FA6007C68C}.Release|Any CPU.Build.0 = Release|Any CPU
		{1F4B9B3D-01A5-4032-B54B-05FA6007C68C}.Release|Mixed Platforms.ActiveCfg = Release|Any CPU
		{1F4B9B3D-01A5-4032-B54B-05FA6007C68C}.Release|Mixed Platforms.Build.0 = Release|Any CPU
		{1F4B9B3D-01A5-4032-B54B-05FA6007C68C}.Release|x64.ActiveCfg = Release|x64
		{1F4B9B3D-01A5-4032-B54B-05FA6007C68C}.Release|x64.Build.0 = Release|x64
		{1F4B9B3D-01A5-4032-B54B-05FA6007C68C}.Release|x86.ActiveCfg = Release|Any CPU
		{1F4B9B3D-01A5-4032-B54B-05FA6007C68C}.Release|x86.Build.0 = Release|Any CPU
		{41F1C95A-A266-4DB9-ABB3-417F56DBBAED}.Debug|Any CPU.ActiveCfg = Debug|Any CPU
		{41F1C95A-A266-4DB9-ABB3-417F56DBBAED}.Debug|Any CPU.Build.0 = Debug|Any CPU
		{41F1C95A-A266-4DB9-ABB3-417F56DBBAED}.Debug|Mixed Platforms.ActiveCfg = Debug|Any CPU
		{41F1C95A-A266-4DB9-ABB3-417F56DBBAED}.Debug|Mixed Platforms.Build.0 = Debug|Any CPU
		{41F1C95A-A266-4DB9-ABB3-417F56DBBAED}.Debug|x64.ActiveCfg = Debug|x64
		{41F1C95A-A266-4DB9-ABB3-417F56DBBAED}.Debug|x64.Build.0 = Debug|x64
		{41F1C95A-A266-4DB9-ABB3-417F56DBBAED}.Debug|x86.ActiveCfg = Debug|Any CPU
		{41F1C95A-A266-4DB9-ABB3-417F56DBBAED}.Debug|x86.Build.0 = Debug|Any CPU
		{41F1C95A-A266-4DB9-ABB3-417F56DBBAED}.Release|Any CPU.ActiveCfg = Release|Any CPU
		{41F1C95A-A266-4DB9-ABB3-417F56DBBAED}.Release|Any CPU.Build.0 = Release|Any CPU
		{41F1C95A-A266-4DB9-ABB3-417F56DBBAED}.Release|Mixed Platforms.ActiveCfg = Release|Any CPU
		{41F1C95A-A266-4DB9-ABB3-417F56DBBAED}.Release|Mixed Platforms.Build.0 = Release|Any CPU
		{41F1C95A-A266-4DB9-ABB3-417F56DBBAED}.Release|x64.ActiveCfg = Release|x64
		{41F1C95A-A266-4DB9-ABB3-417F56DBBAED}.Release|x64.Build.0 = Release|x64
		{41F1C95A-A266-4DB9-ABB3-417F56DBBAED}.Release|x86.ActiveCfg = Release|Any CPU
		{41F1C95A-A266-4DB9-ABB3-417F56DBBAED}.Release|x86.Build.0 = Release|Any CPU
		{4B43BCBA-6831-463D-B59A-A06F4408E664}.Debug|Any CPU.ActiveCfg = Debug|Any CPU
		{4B43BCBA-6831-463D-B59A-A06F4408E664}.Debug|Any CPU.Build.0 = Debug|Any CPU
		{4B43BCBA-6831-463D-B59A-A06F4408E664}.Debug|Mixed Platforms.ActiveCfg = Debug|Any CPU
		{4B43BCBA-6831-463D-B59A-A06F4408E664}.Debug|Mixed Platforms.Build.0 = Debug|Any CPU
		{4B43BCBA-6831-463D-B59A-A06F4408E664}.Debug|x64.ActiveCfg = Debug|x64
		{4B43BCBA-6831-463D-B59A-A06F4408E664}.Debug|x64.Build.0 = Debug|x64
		{4B43BCBA-6831-463D-B59A-A06F4408E664}.Debug|x86.ActiveCfg = Debug|Any CPU
		{4B43BCBA-6831-463D-B59A-A06F4408E664}.Debug|x86.Build.0 = Debug|Any CPU
		{4B43BCBA-6831-463D-B59A-A06F4408E664}.Release|Any CPU.ActiveCfg = Release|Any CPU
		{4B43BCBA-6831-463D-B59A-A06F4408E664}.Release|Any CPU.Build.0 = Release|Any CPU
		{4B43BCBA-6831-463D-B59A-A06F4408E664}.Release|Mixed Platforms.ActiveCfg = Release|Any CPU
		{4B43BCBA-6831-463D-B59A-A06F4408E664}.Release|Mixed Platforms.Build.0 = Release|Any CPU
		{4B43BCBA-6831-463D-B59A-A06F4408E664}.Release|x64.ActiveCfg = Release|x64
		{4B43BCBA-6831-463D-B59A-A06F4408E664}.Release|x64.Build.0 = Release|x64
		{4B43BCBA-6831-463D-B59A-A06F4408E664}.Release|x86.ActiveCfg = Release|Any CPU
		{4B43BCBA-6831-463D-B59A-A06F4408E664}.Release|x86.Build.0 = Release|Any CPU
		{D19259EF-8DBA-486F-8AD1-61DE6F3FFD08}.Debug|Any CPU.ActiveCfg = Debug|Any CPU
		{D19259EF-8DBA-486F-8AD1-61DE6F3FFD08}.Debug|Any CPU.Build.0 = Debug|Any CPU
		{D19259EF-8DBA-486F-8AD1-61DE6F3FFD08}.Debug|Mixed Platforms.ActiveCfg = Debug|Any CPU
		{D19259EF-8DBA-486F-8AD1-61DE6F3FFD08}.Debug|Mixed Platforms.Build.0 = Debug|Any CPU
		{D19259EF-8DBA-486F-8AD1-61DE6F3FFD08}.Debug|x64.ActiveCfg = Debug|x64
		{D19259EF-8DBA-486F-8AD1-61DE6F3FFD08}.Debug|x64.Build.0 = Debug|x64
		{D19259EF-8DBA-486F-8AD1-61DE6F3FFD08}.Debug|x86.ActiveCfg = Debug|Any CPU
		{D19259EF-8DBA-486F-8AD1-61DE6F3FFD08}.Debug|x86.Build.0 = Debug|Any CPU
		{D19259EF-8DBA-486F-8AD1-61DE6F3FFD08}.Release|Any CPU.ActiveCfg = Release|Any CPU
		{D19259EF-8DBA-486F-8AD1-61DE6F3FFD08}.Release|Any CPU.Build.0 = Release|Any CPU
		{D19259EF-8DBA-486F-8AD1-61DE6F3FFD08}.Release|Mixed Platforms.ActiveCfg = Release|Any CPU
		{D19259EF-8DBA-486F-8AD1-61DE6F3FFD08}.Release|Mixed Platforms.Build.0 = Release|Any CPU
		{D19259EF-8DBA-486F-8AD1-61DE6F3FFD08}.Release|x64.ActiveCfg = Release|x64
		{D19259EF-8DBA-486F-8AD1-61DE6F3FFD08}.Release|x64.Build.0 = Release|x64
		{D19259EF-8DBA-486F-8AD1-61DE6F3FFD08}.Release|x86.ActiveCfg = Release|Any CPU
		{D19259EF-8DBA-486F-8AD1-61DE6F3FFD08}.Release|x86.Build.0 = Release|Any CPU
		{4BF361E1-CAA7-45AF-AB1F-E13061DFA2A7}.Debug|Any CPU.ActiveCfg = Debug|Any CPU
		{4BF361E1-CAA7-45AF-AB1F-E13061DFA2A7}.Debug|Any CPU.Build.0 = Debug|Any CPU
		{4BF361E1-CAA7-45AF-AB1F-E13061DFA2A7}.Debug|Mixed Platforms.ActiveCfg = Debug|Any CPU
		{4BF361E1-CAA7-45AF-AB1F-E13061DFA2A7}.Debug|Mixed Platforms.Build.0 = Debug|Any CPU
		{4BF361E1-CAA7-45AF-AB1F-E13061DFA2A7}.Debug|x64.ActiveCfg = Debug|x64
		{4BF361E1-CAA7-45AF-AB1F-E13061DFA2A7}.Debug|x64.Build.0 = Debug|x64
		{4BF361E1-CAA7-45AF-AB1F-E13061DFA2A7}.Debug|x86.ActiveCfg = Debug|Any CPU
		{4BF361E1-CAA7-45AF-AB1F-E13061DFA2A7}.Debug|x86.Build.0 = Debug|Any CPU
		{4BF361E1-CAA7-45AF-AB1F-E13061DFA2A7}.Release|Any CPU.ActiveCfg = Release|Any CPU
		{4BF361E1-CAA7-45AF-AB1F-E13061DFA2A7}.Release|Any CPU.Build.0 = Release|Any CPU
		{4BF361E1-CAA7-45AF-AB1F-E13061DFA2A7}.Release|Mixed Platforms.ActiveCfg = Release|Any CPU
		{4BF361E1-CAA7-45AF-AB1F-E13061DFA2A7}.Release|Mixed Platforms.Build.0 = Release|Any CPU
		{4BF361E1-CAA7-45AF-AB1F-E13061DFA2A7}.Release|x64.ActiveCfg = Release|x64
		{4BF361E1-CAA7-45AF-AB1F-E13061DFA2A7}.Release|x64.Build.0 = Release|x64
		{4BF361E1-CAA7-45AF-AB1F-E13061DFA2A7}.Release|x86.ActiveCfg = Release|Any CPU
		{4BF361E1-CAA7-45AF-AB1F-E13061DFA2A7}.Release|x86.Build.0 = Release|Any CPU
		{FEAAE50F-D88B-4C97-B230-36CB618C15F6}.Debug|Any CPU.ActiveCfg = Debug|Any CPU
		{FEAAE50F-D88B-4C97-B230-36CB618C15F6}.Debug|Any CPU.Build.0 = Debug|Any CPU
		{FEAAE50F-D88B-4C97-B230-36CB618C15F6}.Debug|Mixed Platforms.ActiveCfg = Debug|Any CPU
		{FEAAE50F-D88B-4C97-B230-36CB618C15F6}.Debug|Mixed Platforms.Build.0 = Debug|Any CPU
		{FEAAE50F-D88B-4C97-B230-36CB618C15F6}.Debug|x64.ActiveCfg = Debug|Any CPU
		{FEAAE50F-D88B-4C97-B230-36CB618C15F6}.Debug|x64.Build.0 = Debug|Any CPU
		{FEAAE50F-D88B-4C97-B230-36CB618C15F6}.Debug|x86.ActiveCfg = Debug|Any CPU
		{FEAAE50F-D88B-4C97-B230-36CB618C15F6}.Debug|x86.Build.0 = Debug|Any CPU
		{FEAAE50F-D88B-4C97-B230-36CB618C15F6}.Release|Any CPU.ActiveCfg = Release|Any CPU
		{FEAAE50F-D88B-4C97-B230-36CB618C15F6}.Release|Any CPU.Build.0 = Release|Any CPU
		{FEAAE50F-D88B-4C97-B230-36CB618C15F6}.Release|Mixed Platforms.ActiveCfg = Release|Any CPU
		{FEAAE50F-D88B-4C97-B230-36CB618C15F6}.Release|Mixed Platforms.Build.0 = Release|Any CPU
		{FEAAE50F-D88B-4C97-B230-36CB618C15F6}.Release|x64.ActiveCfg = Release|Any CPU
		{FEAAE50F-D88B-4C97-B230-36CB618C15F6}.Release|x64.Build.0 = Release|Any CPU
		{FEAAE50F-D88B-4C97-B230-36CB618C15F6}.Release|x86.ActiveCfg = Release|Any CPU
		{FEAAE50F-D88B-4C97-B230-36CB618C15F6}.Release|x86.Build.0 = Release|Any CPU
		{E660F11D-6B66-4024-9483-E556F716D49C}.Debug|Any CPU.ActiveCfg = Debug|Any CPU
		{E660F11D-6B66-4024-9483-E556F716D49C}.Debug|Any CPU.Build.0 = Debug|Any CPU
		{E660F11D-6B66-4024-9483-E556F716D49C}.Debug|Mixed Platforms.ActiveCfg = Debug|Any CPU
		{E660F11D-6B66-4024-9483-E556F716D49C}.Debug|Mixed Platforms.Build.0 = Debug|Any CPU
		{E660F11D-6B66-4024-9483-E556F716D49C}.Debug|x64.ActiveCfg = Debug|Any CPU
		{E660F11D-6B66-4024-9483-E556F716D49C}.Debug|x64.Build.0 = Debug|Any CPU
		{E660F11D-6B66-4024-9483-E556F716D49C}.Debug|x86.ActiveCfg = Debug|Any CPU
		{E660F11D-6B66-4024-9483-E556F716D49C}.Debug|x86.Build.0 = Debug|Any CPU
		{E660F11D-6B66-4024-9483-E556F716D49C}.Release|Any CPU.ActiveCfg = Release|Any CPU
		{E660F11D-6B66-4024-9483-E556F716D49C}.Release|Any CPU.Build.0 = Release|Any CPU
		{E660F11D-6B66-4024-9483-E556F716D49C}.Release|Mixed Platforms.ActiveCfg = Release|Any CPU
		{E660F11D-6B66-4024-9483-E556F716D49C}.Release|Mixed Platforms.Build.0 = Release|Any CPU
		{E660F11D-6B66-4024-9483-E556F716D49C}.Release|x64.ActiveCfg = Release|Any CPU
		{E660F11D-6B66-4024-9483-E556F716D49C}.Release|x64.Build.0 = Release|Any CPU
		{E660F11D-6B66-4024-9483-E556F716D49C}.Release|x86.ActiveCfg = Release|Any CPU
		{E660F11D-6B66-4024-9483-E556F716D49C}.Release|x86.Build.0 = Release|Any CPU
		{03D15FB4-ED2D-4F7D-8181-7A3D714D15C3}.Debug|Any CPU.ActiveCfg = Debug|Any CPU
		{03D15FB4-ED2D-4F7D-8181-7A3D714D15C3}.Debug|Any CPU.Build.0 = Debug|Any CPU
		{03D15FB4-ED2D-4F7D-8181-7A3D714D15C3}.Debug|Mixed Platforms.ActiveCfg = Debug|Any CPU
		{03D15FB4-ED2D-4F7D-8181-7A3D714D15C3}.Debug|Mixed Platforms.Build.0 = Debug|Any CPU
		{03D15FB4-ED2D-4F7D-8181-7A3D714D15C3}.Debug|x64.ActiveCfg = Debug|Any CPU
		{03D15FB4-ED2D-4F7D-8181-7A3D714D15C3}.Debug|x64.Build.0 = Debug|Any CPU
		{03D15FB4-ED2D-4F7D-8181-7A3D714D15C3}.Debug|x86.ActiveCfg = Debug|Any CPU
		{03D15FB4-ED2D-4F7D-8181-7A3D714D15C3}.Debug|x86.Build.0 = Debug|Any CPU
		{03D15FB4-ED2D-4F7D-8181-7A3D714D15C3}.Release|Any CPU.ActiveCfg = Release|Any CPU
		{03D15FB4-ED2D-4F7D-8181-7A3D714D15C3}.Release|Any CPU.Build.0 = Release|Any CPU
		{03D15FB4-ED2D-4F7D-8181-7A3D714D15C3}.Release|Mixed Platforms.ActiveCfg = Release|Any CPU
		{03D15FB4-ED2D-4F7D-8181-7A3D714D15C3}.Release|Mixed Platforms.Build.0 = Release|Any CPU
		{03D15FB4-ED2D-4F7D-8181-7A3D714D15C3}.Release|x64.ActiveCfg = Release|Any CPU
		{03D15FB4-ED2D-4F7D-8181-7A3D714D15C3}.Release|x64.Build.0 = Release|Any CPU
		{03D15FB4-ED2D-4F7D-8181-7A3D714D15C3}.Release|x86.ActiveCfg = Release|Any CPU
		{03D15FB4-ED2D-4F7D-8181-7A3D714D15C3}.Release|x86.Build.0 = Release|Any CPU
		{E9B00246-5894-CC9D-018D-0C8702A4EC35}.Debug|Any CPU.ActiveCfg = Debug|Any CPU
		{E9B00246-5894-CC9D-018D-0C8702A4EC35}.Debug|Any CPU.Build.0 = Debug|Any CPU
		{E9B00246-5894-CC9D-018D-0C8702A4EC35}.Debug|Mixed Platforms.ActiveCfg = Debug|Any CPU
		{E9B00246-5894-CC9D-018D-0C8702A4EC35}.Debug|Mixed Platforms.Build.0 = Debug|Any CPU
		{E9B00246-5894-CC9D-018D-0C8702A4EC35}.Debug|x64.ActiveCfg = Debug|Any CPU
		{E9B00246-5894-CC9D-018D-0C8702A4EC35}.Debug|x64.Build.0 = Debug|Any CPU
		{E9B00246-5894-CC9D-018D-0C8702A4EC35}.Debug|x86.ActiveCfg = Debug|Any CPU
		{E9B00246-5894-CC9D-018D-0C8702A4EC35}.Debug|x86.Build.0 = Debug|Any CPU
		{E9B00246-5894-CC9D-018D-0C8702A4EC35}.Release|Any CPU.ActiveCfg = Release|Any CPU
		{E9B00246-5894-CC9D-018D-0C8702A4EC35}.Release|Any CPU.Build.0 = Release|Any CPU
		{E9B00246-5894-CC9D-018D-0C8702A4EC35}.Release|Mixed Platforms.ActiveCfg = Release|Any CPU
		{E9B00246-5894-CC9D-018D-0C8702A4EC35}.Release|Mixed Platforms.Build.0 = Release|Any CPU
		{E9B00246-5894-CC9D-018D-0C8702A4EC35}.Release|x64.ActiveCfg = Release|Any CPU
		{E9B00246-5894-CC9D-018D-0C8702A4EC35}.Release|x64.Build.0 = Release|Any CPU
		{E9B00246-5894-CC9D-018D-0C8702A4EC35}.Release|x86.ActiveCfg = Release|Any CPU
		{E9B00246-5894-CC9D-018D-0C8702A4EC35}.Release|x86.Build.0 = Release|Any CPU
		{016836A4-A208-49E2-9756-95EAE58F9622}.Debug|Any CPU.ActiveCfg = Debug|Any CPU
		{016836A4-A208-49E2-9756-95EAE58F9622}.Debug|Any CPU.Build.0 = Debug|Any CPU
		{016836A4-A208-49E2-9756-95EAE58F9622}.Debug|Mixed Platforms.ActiveCfg = Debug|Any CPU
		{016836A4-A208-49E2-9756-95EAE58F9622}.Debug|Mixed Platforms.Build.0 = Debug|Any CPU
		{016836A4-A208-49E2-9756-95EAE58F9622}.Debug|x64.ActiveCfg = Debug|Any CPU
		{016836A4-A208-49E2-9756-95EAE58F9622}.Debug|x64.Build.0 = Debug|Any CPU
		{016836A4-A208-49E2-9756-95EAE58F9622}.Debug|x86.ActiveCfg = Debug|Any CPU
		{016836A4-A208-49E2-9756-95EAE58F9622}.Debug|x86.Build.0 = Debug|Any CPU
		{016836A4-A208-49E2-9756-95EAE58F9622}.Release|Any CPU.ActiveCfg = Release|Any CPU
		{016836A4-A208-49E2-9756-95EAE58F9622}.Release|Any CPU.Build.0 = Release|Any CPU
		{016836A4-A208-49E2-9756-95EAE58F9622}.Release|Mixed Platforms.ActiveCfg = Release|Any CPU
		{016836A4-A208-49E2-9756-95EAE58F9622}.Release|Mixed Platforms.Build.0 = Release|Any CPU
		{016836A4-A208-49E2-9756-95EAE58F9622}.Release|x64.ActiveCfg = Release|Any CPU
		{016836A4-A208-49E2-9756-95EAE58F9622}.Release|x64.Build.0 = Release|Any CPU
		{016836A4-A208-49E2-9756-95EAE58F9622}.Release|x86.ActiveCfg = Release|Any CPU
		{016836A4-A208-49E2-9756-95EAE58F9622}.Release|x86.Build.0 = Release|Any CPU
		{88578083-A53C-4166-9ADD-F0BF660FE058}.Debug|Any CPU.ActiveCfg = Debug|Any CPU
		{88578083-A53C-4166-9ADD-F0BF660FE058}.Debug|Any CPU.Build.0 = Debug|Any CPU
		{88578083-A53C-4166-9ADD-F0BF660FE058}.Debug|Mixed Platforms.ActiveCfg = Debug|Any CPU
		{88578083-A53C-4166-9ADD-F0BF660FE058}.Debug|Mixed Platforms.Build.0 = Debug|Any CPU
		{88578083-A53C-4166-9ADD-F0BF660FE058}.Debug|x64.ActiveCfg = Debug|Any CPU
		{88578083-A53C-4166-9ADD-F0BF660FE058}.Debug|x64.Build.0 = Debug|Any CPU
		{88578083-A53C-4166-9ADD-F0BF660FE058}.Debug|x86.ActiveCfg = Debug|Any CPU
		{88578083-A53C-4166-9ADD-F0BF660FE058}.Debug|x86.Build.0 = Debug|Any CPU
		{88578083-A53C-4166-9ADD-F0BF660FE058}.Release|Any CPU.ActiveCfg = Release|Any CPU
		{88578083-A53C-4166-9ADD-F0BF660FE058}.Release|Any CPU.Build.0 = Release|Any CPU
		{88578083-A53C-4166-9ADD-F0BF660FE058}.Release|Mixed Platforms.ActiveCfg = Release|Any CPU
		{88578083-A53C-4166-9ADD-F0BF660FE058}.Release|Mixed Platforms.Build.0 = Release|Any CPU
		{88578083-A53C-4166-9ADD-F0BF660FE058}.Release|x64.ActiveCfg = Release|Any CPU
		{88578083-A53C-4166-9ADD-F0BF660FE058}.Release|x64.Build.0 = Release|Any CPU
		{88578083-A53C-4166-9ADD-F0BF660FE058}.Release|x86.ActiveCfg = Release|Any CPU
		{88578083-A53C-4166-9ADD-F0BF660FE058}.Release|x86.Build.0 = Release|Any CPU
		{E9FDEE62-4F8C-4B8A-9FFC-8279745773A8}.Debug|Any CPU.ActiveCfg = Debug|Any CPU
		{E9FDEE62-4F8C-4B8A-9FFC-8279745773A8}.Debug|Any CPU.Build.0 = Debug|Any CPU
		{E9FDEE62-4F8C-4B8A-9FFC-8279745773A8}.Debug|Mixed Platforms.ActiveCfg = Debug|Any CPU
		{E9FDEE62-4F8C-4B8A-9FFC-8279745773A8}.Debug|Mixed Platforms.Build.0 = Debug|Any CPU
		{E9FDEE62-4F8C-4B8A-9FFC-8279745773A8}.Debug|x64.ActiveCfg = Debug|Any CPU
		{E9FDEE62-4F8C-4B8A-9FFC-8279745773A8}.Debug|x64.Build.0 = Debug|Any CPU
		{E9FDEE62-4F8C-4B8A-9FFC-8279745773A8}.Debug|x86.ActiveCfg = Debug|Any CPU
		{E9FDEE62-4F8C-4B8A-9FFC-8279745773A8}.Debug|x86.Build.0 = Debug|Any CPU
		{E9FDEE62-4F8C-4B8A-9FFC-8279745773A8}.Release|Any CPU.ActiveCfg = Release|Any CPU
		{E9FDEE62-4F8C-4B8A-9FFC-8279745773A8}.Release|Any CPU.Build.0 = Release|Any CPU
		{E9FDEE62-4F8C-4B8A-9FFC-8279745773A8}.Release|Mixed Platforms.ActiveCfg = Release|Any CPU
		{E9FDEE62-4F8C-4B8A-9FFC-8279745773A8}.Release|Mixed Platforms.Build.0 = Release|Any CPU
		{E9FDEE62-4F8C-4B8A-9FFC-8279745773A8}.Release|x64.ActiveCfg = Release|Any CPU
		{E9FDEE62-4F8C-4B8A-9FFC-8279745773A8}.Release|x64.Build.0 = Release|Any CPU
		{E9FDEE62-4F8C-4B8A-9FFC-8279745773A8}.Release|x86.ActiveCfg = Release|Any CPU
		{E9FDEE62-4F8C-4B8A-9FFC-8279745773A8}.Release|x86.Build.0 = Release|Any CPU
	EndGlobalSection
	GlobalSection(SolutionProperties) = preSolution
		HideSolutionNode = FALSE
	EndGlobalSection
	GlobalSection(ExtensibilityGlobals) = postSolution
		SolutionGuid = {10059A59-F64E-491E-B6B8-97B1581A4842}
	EndGlobalSection
EndGlobal
