
Microsoft Visual Studio Solution File, Format Version 12.00
# Visual Studio Version 16
VisualStudioVersion = 16.0.29519.87
MinimumVisualStudioVersion = 10.0.40219.1
Project("{FAE04EC0-301F-11D3-BF4B-00C04F79EFBC}") = "Erza", "Erza\Erza.csproj", "{FB05786A-9BF6-4909-97DA-03529030812B}"
	ProjectSection(ProjectDependencies) = postProject
		{5BD393D7-4FA7-4C1B-A791-B13D7E26E8E0} = {5BD393D7-4FA7-4C1B-A791-B13D7E26E8E0}
	EndProjectSection
EndProject
Project("{FAE04EC0-301F-11D3-BF4B-00C04F79EFBC}") = "Anew", "Anew\Anew.csproj", "{2F43B969-F5DE-4B72-B533-C371FBD14AF3}"
	ProjectSection(ProjectDependencies) = postProject
		{5BD393D7-4FA7-4C1B-A791-B13D7E26E8E0} = {5BD393D7-4FA7-4C1B-A791-B13D7E26E8E0}
	EndProjectSection
EndProject
Project("{FAE04EC0-301F-11D3-BF4B-00C04F79EFBC}") = "Shina", "Shina\Shina.csproj", "{24B0E3C2-0FC3-4271-871B-4002965C3FFA}"
EndProject
Project("{FAE04EC0-301F-11D3-BF4B-00C04F79EFBC}") = "ErzaLib", "ErzaLib\ErzaLib.csproj", "{5BD393D7-4FA7-4C1B-A791-B13D7E26E8E0}"
EndProject
Project("{FAE04EC0-301F-11D3-BF4B-00C04F79EFBC}") = "Euphemia", "Euphemia\Euphemia.csproj", "{3063084B-0995-4295-B269-41C01BCCEB06}"
	ProjectSection(ProjectDependencies) = postProject
		{5BD393D7-4FA7-4C1B-A791-B13D7E26E8E0} = {5BD393D7-4FA7-4C1B-A791-B13D7E26E8E0}
	EndProjectSection
EndProject
Project("{FAE04EC0-301F-11D3-BF4B-00C04F79EFBC}") = "Rena", "Rena\Rena.csproj", "{BFAA8DDB-12D8-41FB-863D-96EB011E96C3}"
EndProject
Project("{FAE04EC0-301F-11D3-BF4B-00C04F79EFBC}") = "GetIdol", "GetIdol\GetIdol.csproj", "{1770536D-0033-4CC7-91B0-393A1977823F}"
EndProject
Project("{FAE04EC0-301F-11D3-BF4B-00C04F79EFBC}") = "GetGelbooru", "GetGelbooru\GetGelbooru.csproj", "{1F4B9B3D-01A5-4032-B54B-05FA6007C68C}"
	ProjectSection(ProjectDependencies) = postProject
		{5BD393D7-4FA7-4C1B-A791-B13D7E26E8E0} = {5BD393D7-4FA7-4C1B-A791-B13D7E26E8E0}
	EndProjectSection
EndProject
Project("{FAE04EC0-301F-11D3-BF4B-00C04F79EFBC}") = "GetDanbooru", "GetDanbooru\GetDanbooru.csproj", "{26ACD7B5-2B6D-4A1F-957A-F4BB55E17A21}"
	ProjectSection(ProjectDependencies) = postProject
		{5BD393D7-4FA7-4C1B-A791-B13D7E26E8E0} = {5BD393D7-4FA7-4C1B-A791-B13D7E26E8E0}
	EndProjectSection
EndProject
Project("{FAE04EC0-301F-11D3-BF4B-00C04F79EFBC}") = "Maki", "Maki\Maki.csproj", "{41F1C95A-A266-4DB9-ABB3-417F56DBBAED}"
EndProject
Project("{FAE04EC0-301F-11D3-BF4B-00C04F79EFBC}") = "Eris", "Eris\Eris.csproj", "{4B43BCBA-6831-463D-B59A-A06F4408E664}"
EndProject
Project("{FAE04EC0-301F-11D3-BF4B-00C04F79EFBC}") = "Sagiri", "Sagiri\Sagiri.csproj", "{D19259EF-8DBA-486F-8AD1-61DE6F3FFD08}"
EndProject
Project("{FAE04EC0-301F-11D3-BF4B-00C04F79EFBC}") = "Rei", "Rei\Rei.csproj", "{160FFAFE-19A3-42F3-857E-83E10A5D2107}"
EndProject
Project("{FAE04EC0-301F-11D3-BF4B-00C04F79EFBC}") = "Ange", "Ange2\Ange.csproj", "{4BF361E1-CAA7-45AF-AB1F-E13061DFA2A7}"
EndProject
Project("{FAE04EC0-301F-11D3-BF4B-00C04F79EFBC}") = "Shinon", "Shinon\Shinon.csproj", "{37A7D378-0D72-4D8B-AE9D-26448E7AAE0A}"
EndProject
Global
	GlobalSection(SolutionConfigurationPlatforms) = preSolution
		Debug|Any CPU = Debug|Any CPU
		Debug|Mixed Platforms = Debug|Mixed Platforms
		Debug|x64 = Debug|x64
		Debug|x86 = Debug|x86
		Release|Any CPU = Release|Any CPU
		Release|Mixed Platforms = Release|Mixed Platforms
		Release|x64 = Release|x64
		Release|x86 = Release|x86
	EndGlobalSection
	GlobalSection(ProjectConfigurationPlatforms) = postSolution
		{FB05786A-9BF6-4909-97DA-03529030812B}.Debug|Any CPU.ActiveCfg = Debug|Any CPU
		{FB05786A-9BF6-4909-97DA-03529030812B}.Debug|Any CPU.Build.0 = Debug|Any CPU
		{FB05786A-9BF6-4909-97DA-03529030812B}.Debug|Mixed Platforms.ActiveCfg = Debug|Any CPU
		{FB05786A-9BF6-4909-97DA-03529030812B}.Debug|Mixed Platforms.Build.0 = Debug|Any CPU
		{FB05786A-9BF6-4909-97DA-03529030812B}.Debug|x64.ActiveCfg = Debug|x64
		{FB05786A-9BF6-4909-97DA-03529030812B}.Debug|x64.Build.0 = Debug|x64
		{FB05786A-9BF6-4909-97DA-03529030812B}.Debug|x86.ActiveCfg = Debug|x86
		{FB05786A-9BF6-4909-97DA-03529030812B}.Debug|x86.Build.0 = Debug|x86
		{FB05786A-9BF6-4909-97DA-03529030812B}.Release|Any CPU.ActiveCfg = Release|Any CPU
		{FB05786A-9BF6-4909-97DA-03529030812B}.Release|Any CPU.Build.0 = Release|Any CPU
		{FB05786A-9BF6-4909-97DA-03529030812B}.Release|Mixed Platforms.ActiveCfg = Release|Any CPU
		{FB05786A-9BF6-4909-97DA-03529030812B}.Release|Mixed Platforms.Build.0 = Release|Any CPU
		{FB05786A-9BF6-4909-97DA-03529030812B}.Release|x64.ActiveCfg = Release|x64
		{FB05786A-9BF6-4909-97DA-03529030812B}.Release|x64.Build.0 = Release|x64
		{FB05786A-9BF6-4909-97DA-03529030812B}.Release|x86.ActiveCfg = Release|x86
		{FB05786A-9BF6-4909-97DA-03529030812B}.Release|x86.Build.0 = Release|x86
		{2F43B969-F5DE-4B72-B533-C371FBD14AF3}.Debug|Any CPU.ActiveCfg = Debug|Any CPU
		{2F43B969-F5DE-4B72-B533-C371FBD14AF3}.Debug|Any CPU.Build.0 = Debug|Any CPU
		{2F43B969-F5DE-4B72-B533-C371FBD14AF3}.Debug|Mixed Platforms.ActiveCfg = Debug|Any CPU
		{2F43B969-F5DE-4B72-B533-C371FBD14AF3}.Debug|Mixed Platforms.Build.0 = Debug|Any CPU
		{2F43B969-F5DE-4B72-B533-C371FBD14AF3}.Debug|x64.ActiveCfg = Release|x64
		{2F43B969-F5DE-4B72-B533-C371FBD14AF3}.Debug|x64.Build.0 = Release|x64
		{2F43B969-F5DE-4B72-B533-C371FBD14AF3}.Debug|x86.ActiveCfg = Debug|Any CPU
		{2F43B969-F5DE-4B72-B533-C371FBD14AF3}.Release|Any CPU.ActiveCfg = Release|Any CPU
		{2F43B969-F5DE-4B72-B533-C371FBD14AF3}.Release|Any CPU.Build.0 = Release|Any CPU
		{2F43B969-F5DE-4B72-B533-C371FBD14AF3}.Release|Mixed Platforms.ActiveCfg = Release|Any CPU
		{2F43B969-F5DE-4B72-B533-C371FBD14AF3}.Release|Mixed Platforms.Build.0 = Release|Any CPU
		{2F43B969-F5DE-4B72-B533-C371FBD14AF3}.Release|x64.ActiveCfg = Release|x64
		{2F43B969-F5DE-4B72-B533-C371FBD14AF3}.Release|x64.Build.0 = Release|x64
		{2F43B969-F5DE-4B72-B533-C371FBD14AF3}.Release|x86.ActiveCfg = Release|Any CPU
		{24B0E3C2-0FC3-4271-871B-4002965C3FFA}.Debug|Any CPU.ActiveCfg = Debug|Any CPU
		{24B0E3C2-0FC3-4271-871B-4002965C3FFA}.Debug|Any CPU.Build.0 = Debug|Any CPU
		{24B0E3C2-0FC3-4271-871B-4002965C3FFA}.Debug|Mixed Platforms.ActiveCfg = Debug|Any CPU
		{24B0E3C2-0FC3-4271-871B-4002965C3FFA}.Debug|Mixed Platforms.Build.0 = Debug|Any CPU
		{24B0E3C2-0FC3-4271-871B-4002965C3FFA}.Debug|x64.ActiveCfg = Release|x64
		{24B0E3C2-0FC3-4271-871B-4002965C3FFA}.Debug|x64.Build.0 = Release|x64
		{24B0E3C2-0FC3-4271-871B-4002965C3FFA}.Debug|x86.ActiveCfg = Debug|Any CPU
		{24B0E3C2-0FC3-4271-871B-4002965C3FFA}.Release|Any CPU.ActiveCfg = Release|Any CPU
		{24B0E3C2-0FC3-4271-871B-4002965C3FFA}.Release|Any CPU.Build.0 = Release|Any CPU
		{24B0E3C2-0FC3-4271-871B-4002965C3FFA}.Release|Mixed Platforms.ActiveCfg = Release|Any CPU
		{24B0E3C2-0FC3-4271-871B-4002965C3FFA}.Release|Mixed Platforms.Build.0 = Release|Any CPU
		{24B0E3C2-0FC3-4271-871B-4002965C3FFA}.Release|x64.ActiveCfg = Release|x64
		{24B0E3C2-0FC3-4271-871B-4002965C3FFA}.Release|x64.Build.0 = Release|x64
		{24B0E3C2-0FC3-4271-871B-4002965C3FFA}.Release|x86.ActiveCfg = Release|Any CPU
		{5BD393D7-4FA7-4C1B-A791-B13D7E26E8E0}.Debug|Any CPU.ActiveCfg = Debug|Any CPU
		{5BD393D7-4FA7-4C1B-A791-B13D7E26E8E0}.Debug|Any CPU.Build.0 = Debug|Any CPU
		{5BD393D7-4FA7-4C1B-A791-B13D7E26E8E0}.Debug|Mixed Platforms.ActiveCfg = Debug|Any CPU
		{5BD393D7-4FA7-4C1B-A791-B13D7E26E8E0}.Debug|Mixed Platforms.Build.0 = Debug|Any CPU
		{5BD393D7-4FA7-4C1B-A791-B13D7E26E8E0}.Debug|x64.ActiveCfg = Debug|x64
		{5BD393D7-4FA7-4C1B-A791-B13D7E26E8E0}.Debug|x64.Build.0 = Debug|x64
		{5BD393D7-4FA7-4C1B-A791-B13D7E26E8E0}.Debug|x86.ActiveCfg = Debug|Any CPU
		{5BD393D7-4FA7-4C1B-A791-B13D7E26E8E0}.Release|Any CPU.ActiveCfg = Release|Any CPU
		{5BD393D7-4FA7-4C1B-A791-B13D7E26E8E0}.Release|Any CPU.Build.0 = Release|Any CPU
		{5BD393D7-4FA7-4C1B-A791-B13D7E26E8E0}.Release|Mixed Platforms.ActiveCfg = Release|Any CPU
		{5BD393D7-4FA7-4C1B-A791-B13D7E26E8E0}.Release|Mixed Platforms.Build.0 = Release|Any CPU
		{5BD393D7-4FA7-4C1B-A791-B13D7E26E8E0}.Release|x64.ActiveCfg = Release|x64
		{5BD393D7-4FA7-4C1B-A791-B13D7E26E8E0}.Release|x64.Build.0 = Release|x64
		{5BD393D7-4FA7-4C1B-A791-B13D7E26E8E0}.Release|x86.ActiveCfg = Release|Any CPU
		{3063084B-0995-4295-B269-41C01BCCEB06}.Debug|Any CPU.ActiveCfg = Debug|Any CPU
		{3063084B-0995-4295-B269-41C01BCCEB06}.Debug|Any CPU.Build.0 = Debug|Any CPU
		{3063084B-0995-4295-B269-41C01BCCEB06}.Debug|Mixed Platforms.ActiveCfg = Debug|Any CPU
		{3063084B-0995-4295-B269-41C01BCCEB06}.Debug|Mixed Platforms.Build.0 = Debug|Any CPU
		{3063084B-0995-4295-B269-41C01BCCEB06}.Debug|x64.ActiveCfg = Debug|x64
		{3063084B-0995-4295-B269-41C01BCCEB06}.Debug|x64.Build.0 = Debug|x64
		{3063084B-0995-4295-B269-41C01BCCEB06}.Debug|x86.ActiveCfg = Debug|Any CPU
		{3063084B-0995-4295-B269-41C01BCCEB06}.Release|Any CPU.ActiveCfg = Release|Any CPU
		{3063084B-0995-4295-B269-41C01BCCEB06}.Release|Any CPU.Build.0 = Release|Any CPU
		{3063084B-0995-4295-B269-41C01BCCEB06}.Release|Mixed Platforms.ActiveCfg = Release|Any CPU
		{3063084B-0995-4295-B269-41C01BCCEB06}.Release|Mixed Platforms.Build.0 = Release|Any CPU
		{3063084B-0995-4295-B269-41C01BCCEB06}.Release|x64.ActiveCfg = Release|x64
		{3063084B-0995-4295-B269-41C01BCCEB06}.Release|x64.Build.0 = Release|x64
		{3063084B-0995-4295-B269-41C01BCCEB06}.Release|x86.ActiveCfg = Release|Any CPU
		{BFAA8DDB-12D8-41FB-863D-96EB011E96C3}.Debug|Any CPU.ActiveCfg = Debug|Any CPU
		{BFAA8DDB-12D8-41FB-863D-96EB011E96C3}.Debug|Any CPU.Build.0 = Debug|Any CPU
		{BFAA8DDB-12D8-41FB-863D-96EB011E96C3}.Debug|Mixed Platforms.ActiveCfg = Debug|Any CPU
		{BFAA8DDB-12D8-41FB-863D-96EB011E96C3}.Debug|Mixed Platforms.Build.0 = Debug|Any CPU
		{BFAA8DDB-12D8-41FB-863D-96EB011E96C3}.Debug|x64.ActiveCfg = Debug|x64
		{BFAA8DDB-12D8-41FB-863D-96EB011E96C3}.Debug|x64.Build.0 = Debug|x64
		{BFAA8DDB-12D8-41FB-863D-96EB011E96C3}.Debug|x86.ActiveCfg = Debug|Any CPU
		{BFAA8DDB-12D8-41FB-863D-96EB011E96C3}.Release|Any CPU.ActiveCfg = Release|Any CPU
		{BFAA8DDB-12D8-41FB-863D-96EB011E96C3}.Release|Any CPU.Build.0 = Release|Any CPU
		{BFAA8DDB-12D8-41FB-863D-96EB011E96C3}.Release|Mixed Platforms.ActiveCfg = Release|Any CPU
		{BFAA8DDB-12D8-41FB-863D-96EB011E96C3}.Release|Mixed Platforms.Build.0 = Release|Any CPU
		{BFAA8DDB-12D8-41FB-863D-96EB011E96C3}.Release|x64.ActiveCfg = Release|x64
		{BFAA8DDB-12D8-41FB-863D-96EB011E96C3}.Release|x64.Build.0 = Release|x64
		{BFAA8DDB-12D8-41FB-863D-96EB011E96C3}.Release|x86.ActiveCfg = Release|Any CPU
		{1770536D-0033-4CC7-91B0-393A1977823F}.Debug|Any CPU.ActiveCfg = Debug|Any CPU
		{1770536D-0033-4CC7-91B0-393A1977823F}.Debug|Any CPU.Build.0 = Debug|Any CPU
		{1770536D-0033-4CC7-91B0-393A1977823F}.Debug|Mixed Platforms.ActiveCfg = Debug|Any CPU
		{1770536D-0033-4CC7-91B0-393A1977823F}.Debug|Mixed Platforms.Build.0 = Debug|Any CPU
		{1770536D-0033-4CC7-91B0-393A1977823F}.Debug|x64.ActiveCfg = Debug|Any CPU
		{1770536D-0033-4CC7-91B0-393A1977823F}.Debug|x64.Build.0 = Debug|Any CPU
		{1770536D-0033-4CC7-91B0-393A1977823F}.Debug|x86.ActiveCfg = Debug|Any CPU
		{1770536D-0033-4CC7-91B0-393A1977823F}.Debug|x86.Build.0 = Debug|Any CPU
		{1770536D-0033-4CC7-91B0-393A1977823F}.Release|Any CPU.ActiveCfg = Release|Any CPU
		{1770536D-0033-4CC7-91B0-393A1977823F}.Release|Any CPU.Build.0 = Release|Any CPU
		{1770536D-0033-4CC7-91B0-393A1977823F}.Release|Mixed Platforms.ActiveCfg = Release|Any CPU
		{1770536D-0033-4CC7-91B0-393A1977823F}.Release|Mixed Platforms.Build.0 = Release|Any CPU
		{1770536D-0033-4CC7-91B0-393A1977823F}.Release|x64.ActiveCfg = Release|Any CPU
		{1770536D-0033-4CC7-91B0-393A1977823F}.Release|x64.Build.0 = Release|Any CPU
		{1770536D-0033-4CC7-91B0-393A1977823F}.Release|x86.ActiveCfg = Release|Any CPU
		{1770536D-0033-4CC7-91B0-393A1977823F}.Release|x86.Build.0 = Release|Any CPU
		{1F4B9B3D-01A5-4032-B54B-05FA6007C68C}.Debug|Any CPU.ActiveCfg = Debug|Any CPU
		{1F4B9B3D-01A5-4032-B54B-05FA6007C68C}.Debug|Any CPU.Build.0 = Debug|Any CPU
		{1F4B9B3D-01A5-4032-B54B-05FA6007C68C}.Debug|Mixed Platforms.ActiveCfg = Debug|Any CPU
		{1F4B9B3D-01A5-4032-B54B-05FA6007C68C}.Debug|Mixed Platforms.Build.0 = Debug|Any CPU
		{1F4B9B3D-01A5-4032-B54B-05FA6007C68C}.Debug|x64.ActiveCfg = Debug|Any CPU
		{1F4B9B3D-01A5-4032-B54B-05FA6007C68C}.Debug|x64.Build.0 = Debug|Any CPU
		{1F4B9B3D-01A5-4032-B54B-05FA6007C68C}.Debug|x86.ActiveCfg = Debug|Any CPU
		{1F4B9B3D-01A5-4032-B54B-05FA6007C68C}.Debug|x86.Build.0 = Debug|Any CPU
		{1F4B9B3D-01A5-4032-B54B-05FA6007C68C}.Release|Any CPU.ActiveCfg = Release|Any CPU
		{1F4B9B3D-01A5-4032-B54B-05FA6007C68C}.Release|Any CPU.Build.0 = Release|Any CPU
		{1F4B9B3D-01A5-4032-B54B-05FA6007C68C}.Release|Mixed Platforms.ActiveCfg = Release|Any CPU
		{1F4B9B3D-01A5-4032-B54B-05FA6007C68C}.Release|Mixed Platforms.Build.0 = Release|Any CPU
		{1F4B9B3D-01A5-4032-B54B-05FA6007C68C}.Release|x64.ActiveCfg = Release|Any CPU
		{1F4B9B3D-01A5-4032-B54B-05FA6007C68C}.Release|x64.Build.0 = Release|Any CPU
		{1F4B9B3D-01A5-4032-B54B-05FA6007C68C}.Release|x86.ActiveCfg = Release|Any CPU
		{1F4B9B3D-01A5-4032-B54B-05FA6007C68C}.Release|x86.Build.0 = Release|Any CPU
		{26ACD7B5-2B6D-4A1F-957A-F4BB55E17A21}.Debug|Any CPU.ActiveCfg = Debug|Any CPU
		{26ACD7B5-2B6D-4A1F-957A-F4BB55E17A21}.Debug|Any CPU.Build.0 = Debug|Any CPU
		{26ACD7B5-2B6D-4A1F-957A-F4BB55E17A21}.Debug|Mixed Platforms.ActiveCfg = Debug|Any CPU
		{26ACD7B5-2B6D-4A1F-957A-F4BB55E17A21}.Debug|Mixed Platforms.Build.0 = Debug|Any CPU
		{26ACD7B5-2B6D-4A1F-957A-F4BB55E17A21}.Debug|x64.ActiveCfg = Debug|Any CPU
		{26ACD7B5-2B6D-4A1F-957A-F4BB55E17A21}.Debug|x64.Build.0 = Debug|Any CPU
		{26ACD7B5-2B6D-4A1F-957A-F4BB55E17A21}.Debug|x86.ActiveCfg = Debug|Any CPU
		{26ACD7B5-2B6D-4A1F-957A-F4BB55E17A21}.Debug|x86.Build.0 = Debug|Any CPU
		{26ACD7B5-2B6D-4A1F-957A-F4BB55E17A21}.Release|Any CPU.ActiveCfg = Release|Any CPU
		{26ACD7B5-2B6D-4A1F-957A-F4BB55E17A21}.Release|Any CPU.Build.0 = Release|Any CPU
		{26ACD7B5-2B6D-4A1F-957A-F4BB55E17A21}.Release|Mixed Platforms.ActiveCfg = Release|Any CPU
		{26ACD7B5-2B6D-4A1F-957A-F4BB55E17A21}.Release|Mixed Platforms.Build.0 = Release|Any CPU
		{26ACD7B5-2B6D-4A1F-957A-F4BB55E17A21}.Release|x64.ActiveCfg = Release|Any CPU
		{26ACD7B5-2B6D-4A1F-957A-F4BB55E17A21}.Release|x64.Build.0 = Release|Any CPU
		{26ACD7B5-2B6D-4A1F-957A-F4BB55E17A21}.Release|x86.ActiveCfg = Release|Any CPU
		{26ACD7B5-2B6D-4A1F-957A-F4BB55E17A21}.Release|x86.Build.0 = Release|Any CPU
		{41F1C95A-A266-4DB9-ABB3-417F56DBBAED}.Debug|Any CPU.ActiveCfg = Debug|Any CPU
		{41F1C95A-A266-4DB9-ABB3-417F56DBBAED}.Debug|Any CPU.Build.0 = Debug|Any CPU
		{41F1C95A-A266-4DB9-ABB3-417F56DBBAED}.Debug|Mixed Platforms.ActiveCfg = Debug|Any CPU
		{41F1C95A-A266-4DB9-ABB3-417F56DBBAED}.Debug|Mixed Platforms.Build.0 = Debug|Any CPU
		{41F1C95A-A266-4DB9-ABB3-417F56DBBAED}.Debug|x64.ActiveCfg = Debug|Any CPU
		{41F1C95A-A266-4DB9-ABB3-417F56DBBAED}.Debug|x64.Build.0 = Debug|Any CPU
		{41F1C95A-A266-4DB9-ABB3-417F56DBBAED}.Debug|x86.ActiveCfg = Debug|Any CPU
		{41F1C95A-A266-4DB9-ABB3-417F56DBBAED}.Debug|x86.Build.0 = Debug|Any CPU
		{41F1C95A-A266-4DB9-ABB3-417F56DBBAED}.Release|Any CPU.ActiveCfg = Release|Any CPU
		{41F1C95A-A266-4DB9-ABB3-417F56DBBAED}.Release|Any CPU.Build.0 = Release|Any CPU
		{41F1C95A-A266-4DB9-ABB3-417F56DBBAED}.Release|Mixed Platforms.ActiveCfg = Release|Any CPU
		{41F1C95A-A266-4DB9-ABB3-417F56DBBAED}.Release|Mixed Platforms.Build.0 = Release|Any CPU
		{41F1C95A-A266-4DB9-ABB3-417F56DBBAED}.Release|x64.ActiveCfg = Release|Any CPU
		{41F1C95A-A266-4DB9-ABB3-417F56DBBAED}.Release|x64.Build.0 = Release|Any CPU
		{41F1C95A-A266-4DB9-ABB3-417F56DBBAED}.Release|x86.ActiveCfg = Release|Any CPU
		{41F1C95A-A266-4DB9-ABB3-417F56DBBAED}.Release|x86.Build.0 = Release|Any CPU
		{4B43BCBA-6831-463D-B59A-A06F4408E664}.Debug|Any CPU.ActiveCfg = Debug|Any CPU
		{4B43BCBA-6831-463D-B59A-A06F4408E664}.Debug|Any CPU.Build.0 = Debug|Any CPU
		{4B43BCBA-6831-463D-B59A-A06F4408E664}.Debug|Mixed Platforms.ActiveCfg = Debug|Any CPU
		{4B43BCBA-6831-463D-B59A-A06F4408E664}.Debug|Mixed Platforms.Build.0 = Debug|Any CPU
		{4B43BCBA-6831-463D-B59A-A06F4408E664}.Debug|x64.ActiveCfg = Debug|Any CPU
		{4B43BCBA-6831-463D-B59A-A06F4408E664}.Debug|x64.Build.0 = Debug|Any CPU
		{4B43BCBA-6831-463D-B59A-A06F4408E664}.Debug|x86.ActiveCfg = Debug|Any CPU
		{4B43BCBA-6831-463D-B59A-A06F4408E664}.Debug|x86.Build.0 = Debug|Any CPU
		{4B43BCBA-6831-463D-B59A-A06F4408E664}.Release|Any CPU.ActiveCfg = Release|Any CPU
		{4B43BCBA-6831-463D-B59A-A06F4408E664}.Release|Any CPU.Build.0 = Release|Any CPU
		{4B43BCBA-6831-463D-B59A-A06F4408E664}.Release|Mixed Platforms.ActiveCfg = Release|Any CPU
		{4B43BCBA-6831-463D-B59A-A06F4408E664}.Release|Mixed Platforms.Build.0 = Release|Any CPU
		{4B43BCBA-6831-463D-B59A-A06F4408E664}.Release|x64.ActiveCfg = Release|Any CPU
		{4B43BCBA-6831-463D-B59A-A06F4408E664}.Release|x64.Build.0 = Release|Any CPU
		{4B43BCBA-6831-463D-B59A-A06F4408E664}.Release|x86.ActiveCfg = Release|Any CPU
		{4B43BCBA-6831-463D-B59A-A06F4408E664}.Release|x86.Build.0 = Release|Any CPU
		{D19259EF-8DBA-486F-8AD1-61DE6F3FFD08}.Debug|Any CPU.ActiveCfg = Debug|Any CPU
		{D19259EF-8DBA-486F-8AD1-61DE6F3FFD08}.Debug|Any CPU.Build.0 = Debug|Any CPU
		{D19259EF-8DBA-486F-8AD1-61DE6F3FFD08}.Debug|Mixed Platforms.ActiveCfg = Debug|Any CPU
		{D19259EF-8DBA-486F-8AD1-61DE6F3FFD08}.Debug|Mixed Platforms.Build.0 = Debug|Any CPU
		{D19259EF-8DBA-486F-8AD1-61DE6F3FFD08}.Debug|x64.ActiveCfg = Debug|Any CPU
		{D19259EF-8DBA-486F-8AD1-61DE6F3FFD08}.Debug|x64.Build.0 = Debug|Any CPU
		{D19259EF-8DBA-486F-8AD1-61DE6F3FFD08}.Debug|x86.ActiveCfg = Debug|Any CPU
		{D19259EF-8DBA-486F-8AD1-61DE6F3FFD08}.Debug|x86.Build.0 = Debug|Any CPU
		{D19259EF-8DBA-486F-8AD1-61DE6F3FFD08}.Release|Any CPU.ActiveCfg = Release|Any CPU
		{D19259EF-8DBA-486F-8AD1-61DE6F3FFD08}.Release|Any CPU.Build.0 = Release|Any CPU
		{D19259EF-8DBA-486F-8AD1-61DE6F3FFD08}.Release|Mixed Platforms.ActiveCfg = Release|Any CPU
		{D19259EF-8DBA-486F-8AD1-61DE6F3FFD08}.Release|Mixed Platforms.Build.0 = Release|Any CPU
		{D19259EF-8DBA-486F-8AD1-61DE6F3FFD08}.Release|x64.ActiveCfg = Release|Any CPU
		{D19259EF-8DBA-486F-8AD1-61DE6F3FFD08}.Release|x64.Build.0 = Release|Any CPU
		{D19259EF-8DBA-486F-8AD1-61DE6F3FFD08}.Release|x86.ActiveCfg = Release|Any CPU
		{D19259EF-8DBA-486F-8AD1-61DE6F3FFD08}.Release|x86.Build.0 = Release|Any CPU
		{160FFAFE-19A3-42F3-857E-83E10A5D2107}.Debug|Any CPU.ActiveCfg = Debug|Any CPU
		{160FFAFE-19A3-42F3-857E-83E10A5D2107}.Debug|Any CPU.Build.0 = Debug|Any CPU
		{160FFAFE-19A3-42F3-857E-83E10A5D2107}.Debug|Mixed Platforms.ActiveCfg = Debug|Any CPU
		{160FFAFE-19A3-42F3-857E-83E10A5D2107}.Debug|Mixed Platforms.Build.0 = Debug|Any CPU
		{160FFAFE-19A3-42F3-857E-83E10A5D2107}.Debug|x64.ActiveCfg = Debug|Any CPU
		{160FFAFE-19A3-42F3-857E-83E10A5D2107}.Debug|x64.Build.0 = Debug|Any CPU
		{160FFAFE-19A3-42F3-857E-83E10A5D2107}.Debug|x86.ActiveCfg = Debug|Any CPU
		{160FFAFE-19A3-42F3-857E-83E10A5D2107}.Debug|x86.Build.0 = Debug|Any CPU
		{160FFAFE-19A3-42F3-857E-83E10A5D2107}.Release|Any CPU.ActiveCfg = Release|Any CPU
		{160FFAFE-19A3-42F3-857E-83E10A5D2107}.Release|Any CPU.Build.0 = Release|Any CPU
		{160FFAFE-19A3-42F3-857E-83E10A5D2107}.Release|Mixed Platforms.ActiveCfg = Release|Any CPU
		{160FFAFE-19A3-42F3-857E-83E10A5D2107}.Release|Mixed Platforms.Build.0 = Release|Any CPU
		{160FFAFE-19A3-42F3-857E-83E10A5D2107}.Release|x64.ActiveCfg = Release|Any CPU
		{160FFAFE-19A3-42F3-857E-83E10A5D2107}.Release|x64.Build.0 = Release|Any CPU
		{160FFAFE-19A3-42F3-857E-83E10A5D2107}.Release|x86.ActiveCfg = Release|Any CPU
		{160FFAFE-19A3-42F3-857E-83E10A5D2107}.Release|x86.Build.0 = Release|Any CPU
		{4BF361E1-CAA7-45AF-AB1F-E13061DFA2A7}.Debug|Any CPU.ActiveCfg = Debug|Any CPU
		{4BF361E1-CAA7-45AF-AB1F-E13061DFA2A7}.Debug|Any CPU.Build.0 = Debug|Any CPU
		{4BF361E1-CAA7-45AF-AB1F-E13061DFA2A7}.Debug|Mixed Platforms.ActiveCfg = Debug|Any CPU
		{4BF361E1-CAA7-45AF-AB1F-E13061DFA2A7}.Debug|Mixed Platforms.Build.0 = Debug|Any CPU
		{4BF361E1-CAA7-45AF-AB1F-E13061DFA2A7}.Debug|x64.ActiveCfg = Debug|Any CPU
		{4BF361E1-CAA7-45AF-AB1F-E13061DFA2A7}.Debug|x64.Build.0 = Debug|Any CPU
		{4BF361E1-CAA7-45AF-AB1F-E13061DFA2A7}.Debug|x86.ActiveCfg = Debug|Any CPU
		{4BF361E1-CAA7-45AF-AB1F-E13061DFA2A7}.Debug|x86.Build.0 = Debug|Any CPU
		{4BF361E1-CAA7-45AF-AB1F-E13061DFA2A7}.Release|Any CPU.ActiveCfg = Release|Any CPU
		{4BF361E1-CAA7-45AF-AB1F-E13061DFA2A7}.Release|Any CPU.Build.0 = Release|Any CPU
		{4BF361E1-CAA7-45AF-AB1F-E13061DFA2A7}.Release|Mixed Platforms.ActiveCfg = Release|Any CPU
		{4BF361E1-CAA7-45AF-AB1F-E13061DFA2A7}.Release|Mixed Platforms.Build.0 = Release|Any CPU
		{4BF361E1-CAA7-45AF-AB1F-E13061DFA2A7}.Release|x64.ActiveCfg = Release|Any CPU
		{4BF361E1-CAA7-45AF-AB1F-E13061DFA2A7}.Release|x64.Build.0 = Release|Any CPU
		{4BF361E1-CAA7-45AF-AB1F-E13061DFA2A7}.Release|x86.ActiveCfg = Release|Any CPU
		{4BF361E1-CAA7-45AF-AB1F-E13061DFA2A7}.Release|x86.Build.0 = Release|Any CPU
		{37A7D378-0D72-4D8B-AE9D-26448E7AAE0A}.Debug|Any CPU.ActiveCfg = Debug|Any CPU
		{37A7D378-0D72-4D8B-AE9D-26448E7AAE0A}.Debug|Any CPU.Build.0 = Debug|Any CPU
		{37A7D378-0D72-4D8B-AE9D-26448E7AAE0A}.Debug|Mixed Platforms.ActiveCfg = Debug|Any CPU
		{37A7D378-0D72-4D8B-AE9D-26448E7AAE0A}.Debug|Mixed Platforms.Build.0 = Debug|Any CPU
		{37A7D378-0D72-4D8B-AE9D-26448E7AAE0A}.Debug|x64.ActiveCfg = Debug|Any CPU
		{37A7D378-0D72-4D8B-AE9D-26448E7AAE0A}.Debug|x64.Build.0 = Debug|Any CPU
		{37A7D378-0D72-4D8B-AE9D-26448E7AAE0A}.Debug|x86.ActiveCfg = Debug|Any CPU
		{37A7D378-0D72-4D8B-AE9D-26448E7AAE0A}.Debug|x86.Build.0 = Debug|Any CPU
		{37A7D378-0D72-4D8B-AE9D-26448E7AAE0A}.Release|Any CPU.ActiveCfg = Release|Any CPU
		{37A7D378-0D72-4D8B-AE9D-26448E7AAE0A}.Release|Any CPU.Build.0 = Release|Any CPU
		{37A7D378-0D72-4D8B-AE9D-26448E7AAE0A}.Release|Mixed Platforms.ActiveCfg = Release|Any CPU
		{37A7D378-0D72-4D8B-AE9D-26448E7AAE0A}.Release|Mixed Platforms.Build.0 = Release|Any CPU
		{37A7D378-0D72-4D8B-AE9D-26448E7AAE0A}.Release|x64.ActiveCfg = Release|Any CPU
		{37A7D378-0D72-4D8B-AE9D-26448E7AAE0A}.Release|x64.Build.0 = Release|Any CPU
		{37A7D378-0D72-4D8B-AE9D-26448E7AAE0A}.Release|x86.ActiveCfg = Release|Any CPU
		{37A7D378-0D72-4D8B-AE9D-26448E7AAE0A}.Release|x86.Build.0 = Release|Any CPU
	EndGlobalSection
	GlobalSection(SolutionProperties) = preSolution
		HideSolutionNode = FALSE
	EndGlobalSection
	GlobalSection(ExtensibilityGlobals) = postSolution
		SolutionGuid = {10059A59-F64E-491E-B6B8-97B1581A4842}
	EndGlobalSection
EndGlobal
